// !$*UTF8*$!
{
	archiveVersion = 1;
	classes = {
	};
	objectVersion = 55;
	objects = {

/* Begin PBXBuildFile section */
		4F0B543028A0A34D000EF2D8 /* Restoration.swift in Sources */ = {isa = PBXBuildFile; fileRef = 4F0B542F28A0A34D000EF2D8 /* Restoration.swift */; };
		4F1AC9E7289DCA9E00E58329 /* OrderConfirmationViewController.swift in Sources */ = {isa = PBXBuildFile; fileRef = 4F1AC9E6289DCA9E00E58329 /* OrderConfirmationViewController.swift */; };
		4F2D201E289AE00D006DF695 /* AppDelegate.swift in Sources */ = {isa = PBXBuildFile; fileRef = 4F2D201D289AE00D006DF695 /* AppDelegate.swift */; };
		4F2D2020289AE00D006DF695 /* SceneDelegate.swift in Sources */ = {isa = PBXBuildFile; fileRef = 4F2D201F289AE00D006DF695 /* SceneDelegate.swift */; };
		4F2D2025289AE00D006DF695 /* Main.storyboard in Resources */ = {isa = PBXBuildFile; fileRef = 4F2D2023289AE00D006DF695 /* Main.storyboard */; };
		4F2D2028289AE00D006DF695 /* Restaurant.xcdatamodeld in Sources */ = {isa = PBXBuildFile; fileRef = 4F2D2026289AE00D006DF695 /* Restaurant.xcdatamodeld */; };
		4F2D202A289AE00F006DF695 /* Assets.xcassets in Resources */ = {isa = PBXBuildFile; fileRef = 4F2D2029289AE00F006DF695 /* Assets.xcassets */; };
		4F2D202D289AE00F006DF695 /* LaunchScreen.storyboard in Resources */ = {isa = PBXBuildFile; fileRef = 4F2D202B289AE00F006DF695 /* LaunchScreen.storyboard */; };
		4F2D2038289AE00F006DF695 /* RestaurantTests.swift in Sources */ = {isa = PBXBuildFile; fileRef = 4F2D2037289AE00F006DF695 /* RestaurantTests.swift */; };
		4F2D2042289AE00F006DF695 /* RestaurantUITests.swift in Sources */ = {isa = PBXBuildFile; fileRef = 4F2D2041289AE00F006DF695 /* RestaurantUITests.swift */; };
		4F2D2044289AE00F006DF695 /* RestaurantUITestsLaunchTests.swift in Sources */ = {isa = PBXBuildFile; fileRef = 4F2D2043289AE00F006DF695 /* RestaurantUITestsLaunchTests.swift */; };
		4F2D2054289AE485006DF695 /* CategoryTableViewController.swift in Sources */ = {isa = PBXBuildFile; fileRef = 4F2D2053289AE485006DF695 /* CategoryTableViewController.swift */; };
		4F2D2058289AE49D006DF695 /* OrderTableViewController.swift in Sources */ = {isa = PBXBuildFile; fileRef = 4F2D2057289AE49D006DF695 /* OrderTableViewController.swift */; };
		4F2D205A289AE634006DF695 /* MenuItemDetailViewController.swift in Sources */ = {isa = PBXBuildFile; fileRef = 4F2D2059289AE634006DF695 /* MenuItemDetailViewController.swift */; };
		4F2D205C289AE764006DF695 /* MenuItem.swift in Sources */ = {isa = PBXBuildFile; fileRef = 4F2D205B289AE764006DF695 /* MenuItem.swift */; };
		4F2D205E289AEAFC006DF695 /* ResponseModels.swift in Sources */ = {isa = PBXBuildFile; fileRef = 4F2D205D289AEAFC006DF695 /* ResponseModels.swift */; };
		4F2D2060289AEBAB006DF695 /* Order.swift in Sources */ = {isa = PBXBuildFile; fileRef = 4F2D205F289AEBAB006DF695 /* Order.swift */; };
		4F2D2062289AEC80006DF695 /* MenuController.swift in Sources */ = {isa = PBXBuildFile; fileRef = 4F2D2061289AEC80006DF695 /* MenuController.swift */; };
		4F2D2066289AFD54006DF695 /* MenuTableViewController.swift in Sources */ = {isa = PBXBuildFile; fileRef = 4F2D2065289AFD54006DF695 /* MenuTableViewController.swift */; };
/* End PBXBuildFile section */

/* Begin PBXContainerItemProxy section */
		4F2D2034289AE00F006DF695 /* PBXContainerItemProxy */ = {
			isa = PBXContainerItemProxy;
			containerPortal = 4F2D2012289AE00D006DF695 /* Project object */;
			proxyType = 1;
			remoteGlobalIDString = 4F2D2019289AE00D006DF695;
			remoteInfo = Restaurant;
		};
		4F2D203E289AE00F006DF695 /* PBXContainerItemProxy */ = {
			isa = PBXContainerItemProxy;
			containerPortal = 4F2D2012289AE00D006DF695 /* Project object */;
			proxyType = 1;
			remoteGlobalIDString = 4F2D2019289AE00D006DF695;
			remoteInfo = Restaurant;
		};
/* End PBXContainerItemProxy section */

/* Begin PBXFileReference section */
		4F0B542F28A0A34D000EF2D8 /* Restoration.swift */ = {isa = PBXFileReference; lastKnownFileType = sourcecode.swift; path = Restoration.swift; sourceTree = "<group>"; };
		4F1AC9E6289DCA9E00E58329 /* OrderConfirmationViewController.swift */ = {isa = PBXFileReference; lastKnownFileType = sourcecode.swift; path = OrderConfirmationViewController.swift; sourceTree = "<group>"; };
		4F2D201A289AE00D006DF695 /* Restaurant.app */ = {isa = PBXFileReference; explicitFileType = wrapper.application; includeInIndex = 0; path = Restaurant.app; sourceTree = BUILT_PRODUCTS_DIR; };
		4F2D201D289AE00D006DF695 /* AppDelegate.swift */ = {isa = PBXFileReference; lastKnownFileType = sourcecode.swift; path = AppDelegate.swift; sourceTree = "<group>"; };
		4F2D201F289AE00D006DF695 /* SceneDelegate.swift */ = {isa = PBXFileReference; lastKnownFileType = sourcecode.swift; path = SceneDelegate.swift; sourceTree = "<group>"; };
		4F2D2024289AE00D006DF695 /* Base */ = {isa = PBXFileReference; lastKnownFileType = file.storyboard; name = Base; path = Base.lproj/Main.storyboard; sourceTree = "<group>"; };
		4F2D2027289AE00D006DF695 /* Restaurant.xcdatamodel */ = {isa = PBXFileReference; lastKnownFileType = wrapper.xcdatamodel; path = Restaurant.xcdatamodel; sourceTree = "<group>"; };
		4F2D2029289AE00F006DF695 /* Assets.xcassets */ = {isa = PBXFileReference; lastKnownFileType = folder.assetcatalog; path = Assets.xcassets; sourceTree = "<group>"; };
		4F2D202C289AE00F006DF695 /* Base */ = {isa = PBXFileReference; lastKnownFileType = file.storyboard; name = Base; path = Base.lproj/LaunchScreen.storyboard; sourceTree = "<group>"; };
		4F2D202E289AE00F006DF695 /* Info.plist */ = {isa = PBXFileReference; lastKnownFileType = text.plist.xml; path = Info.plist; sourceTree = "<group>"; };
		4F2D2033289AE00F006DF695 /* RestaurantTests.xctest */ = {isa = PBXFileReference; explicitFileType = wrapper.cfbundle; includeInIndex = 0; path = RestaurantTests.xctest; sourceTree = BUILT_PRODUCTS_DIR; };
		4F2D2037289AE00F006DF695 /* RestaurantTests.swift */ = {isa = PBXFileReference; lastKnownFileType = sourcecode.swift; path = RestaurantTests.swift; sourceTree = "<group>"; };
		4F2D203D289AE00F006DF695 /* RestaurantUITests.xctest */ = {isa = PBXFileReference; explicitFileType = wrapper.cfbundle; includeInIndex = 0; path = RestaurantUITests.xctest; sourceTree = BUILT_PRODUCTS_DIR; };
		4F2D2041289AE00F006DF695 /* RestaurantUITests.swift */ = {isa = PBXFileReference; lastKnownFileType = sourcecode.swift; path = RestaurantUITests.swift; sourceTree = "<group>"; };
		4F2D2043289AE00F006DF695 /* RestaurantUITestsLaunchTests.swift */ = {isa = PBXFileReference; lastKnownFileType = sourcecode.swift; path = RestaurantUITestsLaunchTests.swift; sourceTree = "<group>"; };
		4F2D2053289AE485006DF695 /* CategoryTableViewController.swift */ = {isa = PBXFileReference; lastKnownFileType = sourcecode.swift; path = CategoryTableViewController.swift; sourceTree = "<group>"; };
		4F2D2057289AE49D006DF695 /* OrderTableViewController.swift */ = {isa = PBXFileReference; lastKnownFileType = sourcecode.swift; path = OrderTableViewController.swift; sourceTree = "<group>"; };
		4F2D2059289AE634006DF695 /* MenuItemDetailViewController.swift */ = {isa = PBXFileReference; lastKnownFileType = sourcecode.swift; path = MenuItemDetailViewController.swift; sourceTree = "<group>"; };
		4F2D205B289AE764006DF695 /* MenuItem.swift */ = {isa = PBXFileReference; lastKnownFileType = sourcecode.swift; path = MenuItem.swift; sourceTree = "<group>"; };
		4F2D205D289AEAFC006DF695 /* ResponseModels.swift */ = {isa = PBXFileReference; lastKnownFileType = sourcecode.swift; path = ResponseModels.swift; sourceTree = "<group>"; };
		4F2D205F289AEBAB006DF695 /* Order.swift */ = {isa = PBXFileReference; lastKnownFileType = sourcecode.swift; path = Order.swift; sourceTree = "<group>"; };
		4F2D2061289AEC80006DF695 /* MenuController.swift */ = {isa = PBXFileReference; lastKnownFileType = sourcecode.swift; path = MenuController.swift; sourceTree = "<group>"; };
		4F2D2065289AFD54006DF695 /* MenuTableViewController.swift */ = {isa = PBXFileReference; lastKnownFileType = sourcecode.swift; path = MenuTableViewController.swift; sourceTree = "<group>"; };
/* End PBXFileReference section */

/* Begin PBXFrameworksBuildPhase section */
		4F2D2017289AE00D006DF695 /* Frameworks */ = {
			isa = PBXFrameworksBuildPhase;
			buildActionMask = 2147483647;
			files = (
			);
			runOnlyForDeploymentPostprocessing = 0;
		};
		4F2D2030289AE00F006DF695 /* Frameworks */ = {
			isa = PBXFrameworksBuildPhase;
			buildActionMask = 2147483647;
			files = (
			);
			runOnlyForDeploymentPostprocessing = 0;
		};
		4F2D203A289AE00F006DF695 /* Frameworks */ = {
			isa = PBXFrameworksBuildPhase;
			buildActionMask = 2147483647;
			files = (
			);
			runOnlyForDeploymentPostprocessing = 0;
		};
/* End PBXFrameworksBuildPhase section */

/* Begin PBXGroup section */
		4F2D2011289AE00D006DF695 = {
			isa = PBXGroup;
			children = (
				4F2D201C289AE00D006DF695 /* Restaurant */,
				4F2D2036289AE00F006DF695 /* RestaurantTests */,
				4F2D2040289AE00F006DF695 /* RestaurantUITests */,
				4F2D201B289AE00D006DF695 /* Products */,
			);
			sourceTree = "<group>";
		};
		4F2D201B289AE00D006DF695 /* Products */ = {
			isa = PBXGroup;
			children = (
				4F2D201A289AE00D006DF695 /* Restaurant.app */,
				4F2D2033289AE00F006DF695 /* RestaurantTests.xctest */,
				4F2D203D289AE00F006DF695 /* RestaurantUITests.xctest */,
			);
			name = Products;
			sourceTree = "<group>";
		};
		4F2D201C289AE00D006DF695 /* Restaurant */ = {
			isa = PBXGroup;
			children = (
				4F2D2052289AE02B006DF695 /* Controllers */,
				4F2D2051289AE026006DF695 /* Views */,
				4F2D2050289AE01F006DF695 /* Model */,
				4F2D201D289AE00D006DF695 /* AppDelegate.swift */,
				4F2D201F289AE00D006DF695 /* SceneDelegate.swift */,
				4F2D2029289AE00F006DF695 /* Assets.xcassets */,
				4F2D202B289AE00F006DF695 /* LaunchScreen.storyboard */,
				4F2D202E289AE00F006DF695 /* Info.plist */,
				4F2D2026289AE00D006DF695 /* Restaurant.xcdatamodeld */,
			);
			path = Restaurant;
			sourceTree = "<group>";
		};
		4F2D2036289AE00F006DF695 /* RestaurantTests */ = {
			isa = PBXGroup;
			children = (
				4F2D2037289AE00F006DF695 /* RestaurantTests.swift */,
			);
			path = RestaurantTests;
			sourceTree = "<group>";
		};
		4F2D2040289AE00F006DF695 /* RestaurantUITests */ = {
			isa = PBXGroup;
			children = (
				4F2D2041289AE00F006DF695 /* RestaurantUITests.swift */,
				4F2D2043289AE00F006DF695 /* RestaurantUITestsLaunchTests.swift */,
			);
			path = RestaurantUITests;
			sourceTree = "<group>";
		};
		4F2D2050289AE01F006DF695 /* Model */ = {
			isa = PBXGroup;
			children = (
				4F2D205B289AE764006DF695 /* MenuItem.swift */,
				4F2D205D289AEAFC006DF695 /* ResponseModels.swift */,
				4F2D205F289AEBAB006DF695 /* Order.swift */,
				4F0B542F28A0A34D000EF2D8 /* Restoration.swift */,
			);
			path = Model;
			sourceTree = "<group>";
		};
		4F2D2051289AE026006DF695 /* Views */ = {
			isa = PBXGroup;
			children = (
				4F2D2023289AE00D006DF695 /* Main.storyboard */,
			);
			path = Views;
			sourceTree = "<group>";
		};
		4F2D2052289AE02B006DF695 /* Controllers */ = {
			isa = PBXGroup;
			children = (
				4F2D2053289AE485006DF695 /* CategoryTableViewController.swift */,
				4F2D2057289AE49D006DF695 /* OrderTableViewController.swift */,
				4F2D2059289AE634006DF695 /* MenuItemDetailViewController.swift */,
				4F2D2061289AEC80006DF695 /* MenuController.swift */,
				4F2D2065289AFD54006DF695 /* MenuTableViewController.swift */,
				4F1AC9E6289DCA9E00E58329 /* OrderConfirmationViewController.swift */,
			);
			path = Controllers;
			sourceTree = "<group>";
		};
/* End PBXGroup section */

/* Begin PBXNativeTarget section */
		4F2D2019289AE00D006DF695 /* Restaurant */ = {
			isa = PBXNativeTarget;
			buildConfigurationList = 4F2D2047289AE00F006DF695 /* Build configuration list for PBXNativeTarget "Restaurant" */;
			buildPhases = (
				4F2D2016289AE00D006DF695 /* Sources */,
				4F2D2017289AE00D006DF695 /* Frameworks */,
				4F2D2018289AE00D006DF695 /* Resources */,
			);
			buildRules = (
			);
			dependencies = (
			);
			name = Restaurant;
			productName = Restaurant;
			productReference = 4F2D201A289AE00D006DF695 /* Restaurant.app */;
			productType = "com.apple.product-type.application";
		};
		4F2D2032289AE00F006DF695 /* RestaurantTests */ = {
			isa = PBXNativeTarget;
			buildConfigurationList = 4F2D204A289AE00F006DF695 /* Build configuration list for PBXNativeTarget "RestaurantTests" */;
			buildPhases = (
				4F2D202F289AE00F006DF695 /* Sources */,
				4F2D2030289AE00F006DF695 /* Frameworks */,
				4F2D2031289AE00F006DF695 /* Resources */,
			);
			buildRules = (
			);
			dependencies = (
				4F2D2035289AE00F006DF695 /* PBXTargetDependency */,
			);
			name = RestaurantTests;
			productName = RestaurantTests;
			productReference = 4F2D2033289AE00F006DF695 /* RestaurantTests.xctest */;
			productType = "com.apple.product-type.bundle.unit-test";
		};
		4F2D203C289AE00F006DF695 /* RestaurantUITests */ = {
			isa = PBXNativeTarget;
			buildConfigurationList = 4F2D204D289AE00F006DF695 /* Build configuration list for PBXNativeTarget "RestaurantUITests" */;
			buildPhases = (
				4F2D2039289AE00F006DF695 /* Sources */,
				4F2D203A289AE00F006DF695 /* Frameworks */,
				4F2D203B289AE00F006DF695 /* Resources */,
			);
			buildRules = (
			);
			dependencies = (
				4F2D203F289AE00F006DF695 /* PBXTargetDependency */,
			);
			name = RestaurantUITests;
			productName = RestaurantUITests;
			productReference = 4F2D203D289AE00F006DF695 /* RestaurantUITests.xctest */;
			productType = "com.apple.product-type.bundle.ui-testing";
		};
/* End PBXNativeTarget section */

/* Begin PBXProject section */
		4F2D2012289AE00D006DF695 /* Project object */ = {
			isa = PBXProject;
			attributes = {
				BuildIndependentTargetsInParallel = 1;
				LastSwiftUpdateCheck = 1340;
				LastUpgradeCheck = 1340;
				TargetAttributes = {
					4F2D2019289AE00D006DF695 = {
						CreatedOnToolsVersion = 13.4.1;
					};
					4F2D2032289AE00F006DF695 = {
						CreatedOnToolsVersion = 13.4.1;
						TestTargetID = 4F2D2019289AE00D006DF695;
					};
					4F2D203C289AE00F006DF695 = {
						CreatedOnToolsVersion = 13.4.1;
						TestTargetID = 4F2D2019289AE00D006DF695;
					};
				};
			};
			buildConfigurationList = 4F2D2015289AE00D006DF695 /* Build configuration list for PBXProject "Restaurant" */;
			compatibilityVersion = "Xcode 13.0";
			developmentRegion = en;
			hasScannedForEncodings = 0;
			knownRegions = (
				en,
				Base,
			);
			mainGroup = 4F2D2011289AE00D006DF695;
			productRefGroup = 4F2D201B289AE00D006DF695 /* Products */;
			projectDirPath = "";
			projectRoot = "";
			targets = (
				4F2D2019289AE00D006DF695 /* Restaurant */,
				4F2D2032289AE00F006DF695 /* RestaurantTests */,
				4F2D203C289AE00F006DF695 /* RestaurantUITests */,
			);
		};
/* End PBXProject section */

/* Begin PBXResourcesBuildPhase section */
		4F2D2018289AE00D006DF695 /* Resources */ = {
			isa = PBXResourcesBuildPhase;
			buildActionMask = 2147483647;
			files = (
				4F2D202D289AE00F006DF695 /* LaunchScreen.storyboard in Resources */,
				4F2D202A289AE00F006DF695 /* Assets.xcassets in Resources */,
				4F2D2025289AE00D006DF695 /* Main.storyboard in Resources */,
			);
			runOnlyForDeploymentPostprocessing = 0;
		};
		4F2D2031289AE00F006DF695 /* Resources */ = {
			isa = PBXResourcesBuildPhase;
			buildActionMask = 2147483647;
			files = (
			);
			runOnlyForDeploymentPostprocessing = 0;
		};
		4F2D203B289AE00F006DF695 /* Resources */ = {
			isa = PBXResourcesBuildPhase;
			buildActionMask = 2147483647;
			files = (
			);
			runOnlyForDeploymentPostprocessing = 0;
		};
/* End PBXResourcesBuildPhase section */

/* Begin PBXSourcesBuildPhase section */
		4F2D2016289AE00D006DF695 /* Sources */ = {
			isa = PBXSourcesBuildPhase;
			buildActionMask = 2147483647;
			files = (
				4F2D2028289AE00D006DF695 /* Restaurant.xcdatamodeld in Sources */,
				4F2D201E289AE00D006DF695 /* AppDelegate.swift in Sources */,
				4F2D2066289AFD54006DF695 /* MenuTableViewController.swift in Sources */,
				4F2D2060289AEBAB006DF695 /* Order.swift in Sources */,
				4F2D205A289AE634006DF695 /* MenuItemDetailViewController.swift in Sources */,
				4F2D2062289AEC80006DF695 /* MenuController.swift in Sources */,
				4F2D2020289AE00D006DF695 /* SceneDelegate.swift in Sources */,
				4F2D205E289AEAFC006DF695 /* ResponseModels.swift in Sources */,
				4F1AC9E7289DCA9E00E58329 /* OrderConfirmationViewController.swift in Sources */,
				4F2D205C289AE764006DF695 /* MenuItem.swift in Sources */,
				4F0B543028A0A34D000EF2D8 /* Restoration.swift in Sources */,
				4F2D2058289AE49D006DF695 /* OrderTableViewController.swift in Sources */,
				4F2D2054289AE485006DF695 /* CategoryTableViewController.swift in Sources */,
			);
			runOnlyForDeploymentPostprocessing = 0;
		};
		4F2D202F289AE00F006DF695 /* Sources */ = {
			isa = PBXSourcesBuildPhase;
			buildActionMask = 2147483647;
			files = (
				4F2D2038289AE00F006DF695 /* RestaurantTests.swift in Sources */,
			);
			runOnlyForDeploymentPostprocessing = 0;
		};
		4F2D2039289AE00F006DF695 /* Sources */ = {
			isa = PBXSourcesBuildPhase;
			buildActionMask = 2147483647;
			files = (
				4F2D2042289AE00F006DF695 /* RestaurantUITests.swift in Sources */,
				4F2D2044289AE00F006DF695 /* RestaurantUITestsLaunchTests.swift in Sources */,
			);
			runOnlyForDeploymentPostprocessing = 0;
		};
/* End PBXSourcesBuildPhase section */

/* Begin PBXTargetDependency section */
		4F2D2035289AE00F006DF695 /* PBXTargetDependency */ = {
			isa = PBXTargetDependency;
			target = 4F2D2019289AE00D006DF695 /* Restaurant */;
			targetProxy = 4F2D2034289AE00F006DF695 /* PBXContainerItemProxy */;
		};
		4F2D203F289AE00F006DF695 /* PBXTargetDependency */ = {
			isa = PBXTargetDependency;
			target = 4F2D2019289AE00D006DF695 /* Restaurant */;
			targetProxy = 4F2D203E289AE00F006DF695 /* PBXContainerItemProxy */;
		};
/* End PBXTargetDependency section */

/* Begin PBXVariantGroup section */
		4F2D2023289AE00D006DF695 /* Main.storyboard */ = {
			isa = PBXVariantGroup;
			children = (
				4F2D2024289AE00D006DF695 /* Base */,
			);
			name = Main.storyboard;
			sourceTree = "<group>";
		};
		4F2D202B289AE00F006DF695 /* LaunchScreen.storyboard */ = {
			isa = PBXVariantGroup;
			children = (
				4F2D202C289AE00F006DF695 /* Base */,
			);
			name = LaunchScreen.storyboard;
			sourceTree = "<group>";
		};
/* End PBXVariantGroup section */

/* Begin XCBuildConfiguration section */
		4F2D2045289AE00F006DF695 /* Debug */ = {
			isa = XCBuildConfiguration;
			buildSettings = {
				ALWAYS_SEARCH_USER_PATHS = NO;
				CLANG_ANALYZER_NONNULL = YES;
				CLANG_ANALYZER_NUMBER_OBJECT_CONVERSION = YES_AGGRESSIVE;
				CLANG_CXX_LANGUAGE_STANDARD = "gnu++17";
				CLANG_ENABLE_MODULES = YES;
				CLANG_ENABLE_OBJC_ARC = YES;
				CLANG_ENABLE_OBJC_WEAK = YES;
				CLANG_WARN_BLOCK_CAPTURE_AUTORELEASING = YES;
				CLANG_WARN_BOOL_CONVERSION = YES;
				CLANG_WARN_COMMA = YES;
				CLANG_WARN_CONSTANT_CONVERSION = YES;
				CLANG_WARN_DEPRECATED_OBJC_IMPLEMENTATIONS = YES;
				CLANG_WARN_DIRECT_OBJC_ISA_USAGE = YES_ERROR;
				CLANG_WARN_DOCUMENTATION_COMMENTS = YES;
				CLANG_WARN_EMPTY_BODY = YES;
				CLANG_WARN_ENUM_CONVERSION = YES;
				CLANG_WARN_INFINITE_RECURSION = YES;
				CLANG_WARN_INT_CONVERSION = YES;
				CLANG_WARN_NON_LITERAL_NULL_CONVERSION = YES;
				CLANG_WARN_OBJC_IMPLICIT_RETAIN_SELF = YES;
				CLANG_WARN_OBJC_LITERAL_CONVERSION = YES;
				CLANG_WARN_OBJC_ROOT_CLASS = YES_ERROR;
				CLANG_WARN_QUOTED_INCLUDE_IN_FRAMEWORK_HEADER = YES;
				CLANG_WARN_RANGE_LOOP_ANALYSIS = YES;
				CLANG_WARN_STRICT_PROTOTYPES = YES;
				CLANG_WARN_SUSPICIOUS_MOVE = YES;
				CLANG_WARN_UNGUARDED_AVAILABILITY = YES_AGGRESSIVE;
				CLANG_WARN_UNREACHABLE_CODE = YES;
				CLANG_WARN__DUPLICATE_METHOD_MATCH = YES;
				COPY_PHASE_STRIP = NO;
				DEBUG_INFORMATION_FORMAT = dwarf;
				ENABLE_STRICT_OBJC_MSGSEND = YES;
				ENABLE_TESTABILITY = YES;
				GCC_C_LANGUAGE_STANDARD = gnu11;
				GCC_DYNAMIC_NO_PIC = NO;
				GCC_NO_COMMON_BLOCKS = YES;
				GCC_OPTIMIZATION_LEVEL = 0;
				GCC_PREPROCESSOR_DEFINITIONS = (
					"DEBUG=1",
					"$(inherited)",
				);
				GCC_WARN_64_TO_32_BIT_CONVERSION = YES;
				GCC_WARN_ABOUT_RETURN_TYPE = YES_ERROR;
				GCC_WARN_UNDECLARED_SELECTOR = YES;
				GCC_WARN_UNINITIALIZED_AUTOS = YES_AGGRESSIVE;
				GCC_WARN_UNUSED_FUNCTION = YES;
				GCC_WARN_UNUSED_VARIABLE = YES;
				IPHONEOS_DEPLOYMENT_TARGET = 15.5;
				MTL_ENABLE_DEBUG_INFO = INCLUDE_SOURCE;
				MTL_FAST_MATH = YES;
				ONLY_ACTIVE_ARCH = YES;
				SDKROOT = iphoneos;
				SWIFT_ACTIVE_COMPILATION_CONDITIONS = DEBUG;
				SWIFT_OPTIMIZATION_LEVEL = "-Onone";
			};
			name = Debug;
		};
		4F2D2046289AE00F006DF695 /* Release */ = {
			isa = XCBuildConfiguration;
			buildSettings = {
				ALWAYS_SEARCH_USER_PATHS = NO;
				CLANG_ANALYZER_NONNULL = YES;
				CLANG_ANALYZER_NUMBER_OBJECT_CONVERSION = YES_AGGRESSIVE;
				CLANG_CXX_LANGUAGE_STANDARD = "gnu++17";
				CLANG_ENABLE_MODULES = YES;
				CLANG_ENABLE_OBJC_ARC = YES;
				CLANG_ENABLE_OBJC_WEAK = YES;
				CLANG_WARN_BLOCK_CAPTURE_AUTORELEASING = YES;
				CLANG_WARN_BOOL_CONVERSION = YES;
				CLANG_WARN_COMMA = YES;
				CLANG_WARN_CONSTANT_CONVERSION = YES;
				CLANG_WARN_DEPRECATED_OBJC_IMPLEMENTATIONS = YES;
				CLANG_WARN_DIRECT_OBJC_ISA_USAGE = YES_ERROR;
				CLANG_WARN_DOCUMENTATION_COMMENTS = YES;
				CLANG_WARN_EMPTY_BODY = YES;
				CLANG_WARN_ENUM_CONVERSION = YES;
				CLANG_WARN_INFINITE_RECURSION = YES;
				CLANG_WARN_INT_CONVERSION = YES;
				CLANG_WARN_NON_LITERAL_NULL_CONVERSION = YES;
				CLANG_WARN_OBJC_IMPLICIT_RETAIN_SELF = YES;
				CLANG_WARN_OBJC_LITERAL_CONVERSION = YES;
				CLANG_WARN_OBJC_ROOT_CLASS = YES_ERROR;
				CLANG_WARN_QUOTED_INCLUDE_IN_FRAMEWORK_HEADER = YES;
				CLANG_WARN_RANGE_LOOP_ANALYSIS = YES;
				CLANG_WARN_STRICT_PROTOTYPES = YES;
				CLANG_WARN_SUSPICIOUS_MOVE = YES;
				CLANG_WARN_UNGUARDED_AVAILABILITY = YES_AGGRESSIVE;
				CLANG_WARN_UNREACHABLE_CODE = YES;
				CLANG_WARN__DUPLICATE_METHOD_MATCH = YES;
				COPY_PHASE_STRIP = NO;
				DEBUG_INFORMATION_FORMAT = "dwarf-with-dsym";
				ENABLE_NS_ASSERTIONS = NO;
				ENABLE_STRICT_OBJC_MSGSEND = YES;
				GCC_C_LANGUAGE_STANDARD = gnu11;
				GCC_NO_COMMON_BLOCKS = YES;
				GCC_WARN_64_TO_32_BIT_CONVERSION = YES;
				GCC_WARN_ABOUT_RETURN_TYPE = YES_ERROR;
				GCC_WARN_UNDECLARED_SELECTOR = YES;
				GCC_WARN_UNINITIALIZED_AUTOS = YES_AGGRESSIVE;
				GCC_WARN_UNUSED_FUNCTION = YES;
				GCC_WARN_UNUSED_VARIABLE = YES;
				IPHONEOS_DEPLOYMENT_TARGET = 15.5;
				MTL_ENABLE_DEBUG_INFO = NO;
				MTL_FAST_MATH = YES;
				SDKROOT = iphoneos;
				SWIFT_COMPILATION_MODE = wholemodule;
				SWIFT_OPTIMIZATION_LEVEL = "-O";
				VALIDATE_PRODUCT = YES;
			};
			name = Release;
		};
		4F2D2048289AE00F006DF695 /* Debug */ = {
			isa = XCBuildConfiguration;
			buildSettings = {
				ASSETCATALOG_COMPILER_APPICON_NAME = AppIcon;
				ASSETCATALOG_COMPILER_GLOBAL_ACCENT_COLOR_NAME = AccentColor;
				CODE_SIGN_STYLE = Automatic;
				CURRENT_PROJECT_VERSION = 1;
				DEVELOPMENT_TEAM = MR77GZV3WJ;
				GENERATE_INFOPLIST_FILE = YES;
				INFOPLIST_FILE = Restaurant/Info.plist;
				INFOPLIST_KEY_UIApplicationSupportsIndirectInputEvents = YES;
				INFOPLIST_KEY_UILaunchStoryboardName = LaunchScreen;
				INFOPLIST_KEY_UIMainStoryboardFile = Main;
				INFOPLIST_KEY_UISupportedInterfaceOrientations_iPad = "UIInterfaceOrientationPortrait UIInterfaceOrientationPortraitUpsideDown UIInterfaceOrientationLandscapeLeft UIInterfaceOrientationLandscapeRight";
				INFOPLIST_KEY_UISupportedInterfaceOrientations_iPhone = "UIInterfaceOrientationPortrait UIInterfaceOrientationLandscapeLeft UIInterfaceOrientationLandscapeRight";
				LD_RUNPATH_SEARCH_PATHS = (
					"$(inherited)",
					"@executable_path/Frameworks",
				);
				MARKETING_VERSION = 1.0;
				PRODUCT_BUNDLE_IDENTIFIER = com.ecgriffin.Restaurant;
				PRODUCT_NAME = "$(TARGET_NAME)";
				SWIFT_EMIT_LOC_STRINGS = YES;
				SWIFT_VERSION = 5.0;
				TARGETED_DEVICE_FAMILY = "1,2";
			};
			name = Debug;
		};
		4F2D2049289AE00F006DF695 /* Release */ = {
			isa = XCBuildConfiguration;
			buildSettings = {
				ASSETCATALOG_COMPILER_APPICON_NAME = AppIcon;
				ASSETCATALOG_COMPILER_GLOBAL_ACCENT_COLOR_NAME = AccentColor;
				CODE_SIGN_STYLE = Automatic;
				CURRENT_PROJECT_VERSION = 1;
				DEVELOPMENT_TEAM = MR77GZV3WJ;
				GENERATE_INFOPLIST_FILE = YES;
				INFOPLIST_FILE = Restaurant/Info.plist;
				INFOPLIST_KEY_UIApplicationSupportsIndirectInputEvents = YES;
				INFOPLIST_KEY_UILaunchStoryboardName = LaunchScreen;
				INFOPLIST_KEY_UIMainStoryboardFile = Main;
				INFOPLIST_KEY_UISupportedInterfaceOrientations_iPad = "UIInterfaceOrientationPortrait UIInterfaceOrientationPortraitUpsideDown UIInterfaceOrientationLandscapeLeft UIInterfaceOrientationLandscapeRight";
				INFOPLIST_KEY_UISupportedInterfaceOrientations_iPhone = "UIInterfaceOrientationPortrait UIInterfaceOrientationLandscapeLeft UIInterfaceOrientationLandscapeRight";
				LD_RUNPATH_SEARCH_PATHS = (
					"$(inherited)",
					"@executable_path/Frameworks",
				);
				MARKETING_VERSION = 1.0;
				PRODUCT_BUNDLE_IDENTIFIER = com.ecgriffin.Restaurant;
				PRODUCT_NAME = "$(TARGET_NAME)";
				SWIFT_EMIT_LOC_STRINGS = YES;
				SWIFT_VERSION = 5.0;
				TARGETED_DEVICE_FAMILY = "1,2";
			};
			name = Release;
		};
		4F2D204B289AE00F006DF695 /* Debug */ = {
			isa = XCBuildConfiguration;
			buildSettings = {
				ALWAYS_EMBED_SWIFT_STANDARD_LIBRARIES = YES;
				BUNDLE_LOADER = "$(TEST_HOST)";
				CODE_SIGN_STYLE = Automatic;
				CURRENT_PROJECT_VERSION = 1;
				DEVELOPMENT_TEAM = MR77GZV3WJ;
				GENERATE_INFOPLIST_FILE = YES;
				IPHONEOS_DEPLOYMENT_TARGET = 15.5;
				MARKETING_VERSION = 1.0;
				PRODUCT_BUNDLE_IDENTIFIER = com.ecgriffin.RestaurantTests;
				PRODUCT_NAME = "$(TARGET_NAME)";
				SWIFT_EMIT_LOC_STRINGS = NO;
				SWIFT_VERSION = 5.0;
				TARGETED_DEVICE_FAMILY = "1,2";
				TEST_HOST = "$(BUILT_PRODUCTS_DIR)/Restaurant.app/Restaurant";
			};
			name = Debug;
		};
		4F2D204C289AE00F006DF695 /* Release */ = {
			isa = XCBuildConfiguration;
			buildSettings = {
				ALWAYS_EMBED_SWIFT_STANDARD_LIBRARIES = YES;
				BUNDLE_LOADER = "$(TEST_HOST)";
				CODE_SIGN_STYLE = Automatic;
				CURRENT_PROJECT_VERSION = 1;
				DEVELOPMENT_TEAM = MR77GZV3WJ;
				GENERATE_INFOPLIST_FILE = YES;
				IPHONEOS_DEPLOYMENT_TARGET = 15.5;
				MARKETING_VERSION = 1.0;
				PRODUCT_BUNDLE_IDENTIFIER = com.ecgriffin.RestaurantTests;
				PRODUCT_NAME = "$(TARGET_NAME)";
				SWIFT_EMIT_LOC_STRINGS = NO;
				SWIFT_VERSION = 5.0;
				TARGETED_DEVICE_FAMILY = "1,2";
				TEST_HOST = "$(BUILT_PRODUCTS_DIR)/Restaurant.app/Restaurant";
			};
			name = Release;
		};
		4F2D204E289AE00F006DF695 /* Debug */ = {
			isa = XCBuildConfiguration;
			buildSettings = {
				ALWAYS_EMBED_SWIFT_STANDARD_LIBRARIES = YES;
				CODE_SIGN_STYLE = Automatic;
				CURRENT_PROJECT_VERSION = 1;
				DEVELOPMENT_TEAM = MR77GZV3WJ;
				GENERATE_INFOPLIST_FILE = YES;
				MARKETING_VERSION = 1.0;
				PRODUCT_BUNDLE_IDENTIFIER = com.ecgriffin.RestaurantUITests;
				PRODUCT_NAME = "$(TARGET_NAME)";
				SWIFT_EMIT_LOC_STRINGS = NO;
				SWIFT_VERSION = 5.0;
				TARGETED_DEVICE_FAMILY = "1,2";
				TEST_TARGET_NAME = Restaurant;
			};
			name = Debug;
		};
		4F2D204F289AE00F006DF695 /* Release */ = {
			isa = XCBuildConfiguration;
			buildSettings = {
				ALWAYS_EMBED_SWIFT_STANDARD_LIBRARIES = YES;
				CODE_SIGN_STYLE = Automatic;
				CURRENT_PROJECT_VERSION = 1;
				DEVELOPMENT_TEAM = MR77GZV3WJ;
				GENERATE_INFOPLIST_FILE = YES;
				MARKETING_VERSION = 1.0;
				PRODUCT_BUNDLE_IDENTIFIER = com.ecgriffin.RestaurantUITests;
				PRODUCT_NAME = "$(TARGET_NAME)";
				SWIFT_EMIT_LOC_STRINGS = NO;
				SWIFT_VERSION = 5.0;
				TARGETED_DEVICE_FAMILY = "1,2";
				TEST_TARGET_NAME = Restaurant;
			};
			name = Release;
		};
/* End XCBuildConfiguration section */

/* Begin XCConfigurationList section */
		4F2D2015289AE00D006DF695 /* Build configuration list for PBXProject "Restaurant" */ = {
			isa = XCConfigurationList;
			buildConfigurations = (
				4F2D2045289AE00F006DF695 /* Debug */,
				4F2D2046289AE00F006DF695 /* Release */,
			);
			defaultConfigurationIsVisible = 0;
			defaultConfigurationName = Release;
		};
		4F2D2047289AE00F006DF695 /* Build configuration list for PBXNativeTarget "Restaurant" */ = {
			isa = XCConfigurationList;
			buildConfigurations = (
				4F2D2048289AE00F006DF695 /* Debug */,
				4F2D2049289AE00F006DF695 /* Release */,
			);
			defaultConfigurationIsVisible = 0;
			defaultConfigurationName = Release;
		};
		4F2D204A289AE00F006DF695 /* Build configuration list for PBXNativeTarget "RestaurantTests" */ = {
			isa = XCConfigurationList;
			buildConfigurations = (
				4F2D204B289AE00F006DF695 /* Debug */,
				4F2D204C289AE00F006DF695 /* Release */,
			);
			defaultConfigurationIsVisible = 0;
			defaultConfigurationName = Release;
		};
		4F2D204D289AE00F006DF695 /* Build configuration list for PBXNativeTarget "RestaurantUITests" */ = {
			isa = XCConfigurationList;
			buildConfigurations = (
				4F2D204E289AE00F006DF695 /* Debug */,
				4F2D204F289AE00F006DF695 /* Release */,
			);
			defaultConfigurationIsVisible = 0;
			defaultConfigurationName = Release;
		};
/* End XCConfigurationList section */

/* Begin XCVersionGroup section */
		4F2D2026289AE00D006DF695 /* Restaurant.xcdatamodeld */ = {
			isa = XCVersionGroup;
			children = (
				4F2D2027289AE00D006DF695 /* Restaurant.xcdatamodel */,
			);
			currentVersion = 4F2D2027289AE00D006DF695 /* Restaurant.xcdatamodel */;
			path = Restaurant.xcdatamodeld;
			sourceTree = "<group>";
			versionGroupType = wrapper.xcdatamodel;
		};
/* End XCVersionGroup section */
	};
	rootObject = 4F2D2012289AE00D006DF695 /* Project object */;
}
